
Microsoft Visual Studio Solution File, Format Version 12.00
# Visual Studio Version 17
VisualStudioVersion = 17.2.32630.192
MinimumVisualStudioVersion = 10.0.40219.1
Project("{FAE04EC0-301F-11D3-BF4B-00C04F79EFBC}") = "EcommerceWebApi", "EcommerceWebApi\EcommerceWebApi.csproj", "{F3310108-34B7-45AE-98B5-FDB2B5BA5AD6}"
EndProject
Global
	GlobalSection(SolutionConfigurationPlatforms) = preSolution
		Debug|Any CPU = Debug|Any CPU
		Release|Any CPU = Release|Any CPU
	EndGlobalSection
	GlobalSection(ProjectConfigurationPlatforms) = postSolution
		{F3310108-34B7-45AE-98B5-FDB2B5BA5AD6}.Debug|Any CPU.ActiveCfg = Debug|Any CPU
		{F3310108-34B7-45AE-98B5-FDB2B5BA5AD6}.Debug|Any CPU.Build.0 = Debug|Any CPU
		{F3310108-34B7-45AE-98B5-FDB2B5BA5AD6}.Release|Any CPU.ActiveCfg = Release|Any CPU
		{F3310108-34B7-45AE-98B5-FDB2B5BA5AD6}.Release|Any CPU.Build.0 = Release|Any CPU
	EndGlobalSection
	GlobalSection(SolutionProperties) = preSolution
		HideSolutionNode = FALSE
	EndGlobalSection
	GlobalSection(ExtensibilityGlobals) = postSolution
		SolutionGuid = {D8281A53-03B3-44ED-A3AB-91E0338D2B74}
	EndGlobalSection
EndGlobal
