
Microsoft Visual Studio Solution File, Format Version 12.00
# Visual Studio Version 16
VisualStudioVersion = 16.0.32630.194
MinimumVisualStudioVersion = 10.0.40219.1
Project("{FAE04EC0-301F-11D3-BF4B-00C04F79EFBC}") = "GenericRepositoryWebApi", "GenericRepositoryWebApi\GenericRepositoryWebApi.csproj", "{80235A3E-A82A-49BE-8A46-80D177C14CD7}"
EndProject
Global
	GlobalSection(SolutionConfigurationPlatforms) = preSolution
		Debug|Any CPU = Debug|Any CPU
		Release|Any CPU = Release|Any CPU
	EndGlobalSection
	GlobalSection(ProjectConfigurationPlatforms) = postSolution
		{80235A3E-A82A-49BE-8A46-80D177C14CD7}.Debug|Any CPU.ActiveCfg = Debug|Any CPU
		{80235A3E-A82A-49BE-8A46-80D177C14CD7}.Debug|Any CPU.Build.0 = Debug|Any CPU
		{80235A3E-A82A-49BE-8A46-80D177C14CD7}.Release|Any CPU.ActiveCfg = Release|Any CPU
		{80235A3E-A82A-49BE-8A46-80D177C14CD7}.Release|Any CPU.Build.0 = Release|Any CPU
	EndGlobalSection
	GlobalSection(SolutionProperties) = preSolution
		HideSolutionNode = FALSE
	EndGlobalSection
	GlobalSection(ExtensibilityGlobals) = postSolution
		SolutionGuid = {7491B5D6-3606-4C76-AEE7-B15DDDECA1EF}
	EndGlobalSection
EndGlobal
